
Microsoft Visual Studio Solution File, Format Version 12.00
# Visual Studio Version 18
VisualStudioVersion = 18.4.11626.88
MinimumVisualStudioVersion = 10.0.40219.1
Project("{2150E333-8FDC-42A3-9474-1A3956D46DE8}") = "Solution Items", "Solution Items", "{765ED5E5-B6E6-4A41-B755-A19ABF6612AE}"
	ProjectSection(SolutionItems) = preProject
		.editorconfig = .editorconfig
		.github\workflows\build.yml = .github\workflows\build.yml
		LICENSE = LICENSE
		LICENSE-3RD-PARTY = LICENSE-3RD-PARTY
		LICENSE-GPL = LICENSE-GPL
		.github\workflows\release.yml = .github\workflows\release.yml
	EndProjectSection
EndProject
Project("{FAE04EC0-301F-11D3-BF4B-00C04F79EFBC}") = "Elmanager.Core", "Elmanager.Core\Elmanager.Core.csproj", "{E4DC14F9-6820-682D-EB38-9F8DC68B9EC3}"
EndProject
Project("{FAE04EC0-301F-11D3-BF4B-00C04F79EFBC}") = "Elmanager.WinForms", "Elmanager.WinForms\Elmanager.WinForms.csproj", "{5289E4F2-23FE-4C88-8871-BACD18F6D422}"
EndProject
Project("{FAE04EC0-301F-11D3-BF4B-00C04F79EFBC}") = "Elmanager.SLE", "Elmanager.SLE\Elmanager.SLE.csproj", "{B8E30789-0340-F68F-3F06-AFECB45EDFA0}"
EndProject
Project("{FAE04EC0-301F-11D3-BF4B-00C04F79EFBC}") = "Elmanager.SLE.Browser", "Elmanager.SLE.Browser\Elmanager.SLE.Browser.csproj", "{D1F0E39F-178C-5BBB-3AD4-5B82305D140C}"
EndProject
Project("{FAE04EC0-301F-11D3-BF4B-00C04F79EFBC}") = "Elmanager.SLE.Desktop", "Elmanager.SLE.Desktop\Elmanager.SLE.Desktop.csproj", "{A26CDF9D-7642-A35B-0290-119AB297A259}"
EndProject
Project("{FAE04EC0-301F-11D3-BF4B-00C04F79EFBC}") = "Elmanager.SLE.E2ETests", "Elmanager.SLE.E2ETests\Elmanager.SLE.E2ETests.csproj", "{34CD6FC6-1BE5-40D0-9286-AA06317D0BFD}"
EndProject
Project("{FAE04EC0-301F-11D3-BF4B-00C04F79EFBC}") = "Elmanager.SLE.Tests", "Elmanager.SLE.Tests\Elmanager.SLE.Tests.csproj", "{299A40E1-F302-4BB0-9A95-A8E499754E40}"
EndProject
Global
	GlobalSection(SolutionConfigurationPlatforms) = preSolution
		Debug|Any CPU = Debug|Any CPU
		Debug|x64 = Debug|x64
		Debug|x86 = Debug|x86
		Release|Any CPU = Release|Any CPU
		Release|x64 = Release|x64
		Release|x86 = Release|x86
		WineRelease|Any CPU = WineRelease|Any CPU
		WineRelease|x64 = WineRelease|x64
		WineRelease|x86 = WineRelease|x86
	EndGlobalSection
	GlobalSection(ProjectConfigurationPlatforms) = postSolution
		{E4DC14F9-6820-682D-EB38-9F8DC68B9EC3}.Debug|Any CPU.ActiveCfg = Debug|Any CPU
		{E4DC14F9-6820-682D-EB38-9F8DC68B9EC3}.Debug|Any CPU.Build.0 = Debug|Any CPU
		{E4DC14F9-6820-682D-EB38-9F8DC68B9EC3}.Debug|x64.ActiveCfg = Debug|Any CPU
		{E4DC14F9-6820-682D-EB38-9F8DC68B9EC3}.Debug|x64.Build.0 = Debug|Any CPU
		{E4DC14F9-6820-682D-EB38-9F8DC68B9EC3}.Debug|x86.ActiveCfg = Debug|Any CPU
		{E4DC14F9-6820-682D-EB38-9F8DC68B9EC3}.Debug|x86.Build.0 = Debug|Any CPU
		{E4DC14F9-6820-682D-EB38-9F8DC68B9EC3}.Release|Any CPU.ActiveCfg = Release|Any CPU
		{E4DC14F9-6820-682D-EB38-9F8DC68B9EC3}.Release|Any CPU.Build.0 = Release|Any CPU
		{E4DC14F9-6820-682D-EB38-9F8DC68B9EC3}.Release|x64.ActiveCfg = Release|Any CPU
		{E4DC14F9-6820-682D-EB38-9F8DC68B9EC3}.Release|x64.Build.0 = Release|Any CPU
		{E4DC14F9-6820-682D-EB38-9F8DC68B9EC3}.Release|x86.ActiveCfg = Release|Any CPU
		{E4DC14F9-6820-682D-EB38-9F8DC68B9EC3}.Release|x86.Build.0 = Release|Any CPU
		{E4DC14F9-6820-682D-EB38-9F8DC68B9EC3}.WineRelease|Any CPU.ActiveCfg = WineRelease|Any CPU
		{E4DC14F9-6820-682D-EB38-9F8DC68B9EC3}.WineRelease|Any CPU.Build.0 = WineRelease|Any CPU
		{E4DC14F9-6820-682D-EB38-9F8DC68B9EC3}.WineRelease|x64.ActiveCfg = WineRelease|Any CPU
		{E4DC14F9-6820-682D-EB38-9F8DC68B9EC3}.WineRelease|x64.Build.0 = WineRelease|Any CPU
		{E4DC14F9-6820-682D-EB38-9F8DC68B9EC3}.WineRelease|x86.ActiveCfg = WineRelease|Any CPU
		{E4DC14F9-6820-682D-EB38-9F8DC68B9EC3}.WineRelease|x86.Build.0 = WineRelease|Any CPU
		{5289E4F2-23FE-4C88-8871-BACD18F6D422}.Debug|Any CPU.ActiveCfg = Debug|Any CPU
		{5289E4F2-23FE-4C88-8871-BACD18F6D422}.Debug|Any CPU.Build.0 = Debug|Any CPU
		{5289E4F2-23FE-4C88-8871-BACD18F6D422}.Debug|x64.ActiveCfg = Debug|Any CPU
		{5289E4F2-23FE-4C88-8871-BACD18F6D422}.Debug|x64.Build.0 = Debug|Any CPU
		{5289E4F2-23FE-4C88-8871-BACD18F6D422}.Debug|x86.ActiveCfg = Debug|Any CPU
		{5289E4F2-23FE-4C88-8871-BACD18F6D422}.Debug|x86.Build.0 = Debug|Any CPU
		{5289E4F2-23FE-4C88-8871-BACD18F6D422}.Release|Any CPU.ActiveCfg = Release|Any CPU
		{5289E4F2-23FE-4C88-8871-BACD18F6D422}.Release|Any CPU.Build.0 = Release|Any CPU
		{5289E4F2-23FE-4C88-8871-BACD18F6D422}.Release|x64.ActiveCfg = Release|Any CPU
		{5289E4F2-23FE-4C88-8871-BACD18F6D422}.Release|x64.Build.0 = Release|Any CPU
		{5289E4F2-23FE-4C88-8871-BACD18F6D422}.Release|x86.ActiveCfg = Release|Any CPU
		{5289E4F2-23FE-4C88-8871-BACD18F6D422}.Release|x86.Build.0 = Release|Any CPU
		{5289E4F2-23FE-4C88-8871-BACD18F6D422}.WineRelease|Any CPU.ActiveCfg = WineRelease|Any CPU
		{5289E4F2-23FE-4C88-8871-BACD18F6D422}.WineRelease|Any CPU.Build.0 = WineRelease|Any CPU
		{5289E4F2-23FE-4C88-8871-BACD18F6D422}.WineRelease|x64.ActiveCfg = WineRelease|Any CPU
		{5289E4F2-23FE-4C88-8871-BACD18F6D422}.WineRelease|x64.Build.0 = WineRelease|Any CPU
		{5289E4F2-23FE-4C88-8871-BACD18F6D422}.WineRelease|x86.ActiveCfg = WineRelease|Any CPU
		{5289E4F2-23FE-4C88-8871-BACD18F6D422}.WineRelease|x86.Build.0 = WineRelease|Any CPU
		{B8E30789-0340-F68F-3F06-AFECB45EDFA0}.Debug|Any CPU.ActiveCfg = Debug|Any CPU
		{B8E30789-0340-F68F-3F06-AFECB45EDFA0}.Debug|Any CPU.Build.0 = Debug|Any CPU
		{B8E30789-0340-F68F-3F06-AFECB45EDFA0}.Debug|x64.ActiveCfg = Debug|Any CPU
		{B8E30789-0340-F68F-3F06-AFECB45EDFA0}.Debug|x64.Build.0 = Debug|Any CPU
		{B8E30789-0340-F68F-3F06-AFECB45EDFA0}.Debug|x86.ActiveCfg = Debug|Any CPU
		{B8E30789-0340-F68F-3F06-AFECB45EDFA0}.Debug|x86.Build.0 = Debug|Any CPU
		{B8E30789-0340-F68F-3F06-AFECB45EDFA0}.Release|Any CPU.ActiveCfg = Release|Any CPU
		{B8E30789-0340-F68F-3F06-AFECB45EDFA0}.Release|Any CPU.Build.0 = Release|Any CPU
		{B8E30789-0340-F68F-3F06-AFECB45EDFA0}.Release|x64.ActiveCfg = Release|Any CPU
		{B8E30789-0340-F68F-3F06-AFECB45EDFA0}.Release|x64.Build.0 = Release|Any CPU
		{B8E30789-0340-F68F-3F06-AFECB45EDFA0}.Release|x86.ActiveCfg = Release|Any CPU
		{B8E30789-0340-F68F-3F06-AFECB45EDFA0}.Release|x86.Build.0 = Release|Any CPU
		{B8E30789-0340-F68F-3F06-AFECB45EDFA0}.WineRelease|Any CPU.ActiveCfg = Release|Any CPU
		{B8E30789-0340-F68F-3F06-AFECB45EDFA0}.WineRelease|Any CPU.Build.0 = Release|Any CPU
		{B8E30789-0340-F68F-3F06-AFECB45EDFA0}.WineRelease|x64.ActiveCfg = WineRelease|Any CPU
		{B8E30789-0340-F68F-3F06-AFECB45EDFA0}.WineRelease|x64.Build.0 = WineRelease|Any CPU
		{B8E30789-0340-F68F-3F06-AFECB45EDFA0}.WineRelease|x86.ActiveCfg = WineRelease|Any CPU
		{B8E30789-0340-F68F-3F06-AFECB45EDFA0}.WineRelease|x86.Build.0 = WineRelease|Any CPU
		{D1F0E39F-178C-5BBB-3AD4-5B82305D140C}.Debug|Any CPU.ActiveCfg = Debug|Any CPU
		{D1F0E39F-178C-5BBB-3AD4-5B82305D140C}.Debug|Any CPU.Build.0 = Debug|Any CPU
		{D1F0E39F-178C-5BBB-3AD4-5B82305D140C}.Debug|x64.ActiveCfg = Debug|Any CPU
		{D1F0E39F-178C-5BBB-3AD4-5B82305D140C}.Debug|x64.Build.0 = Debug|Any CPU
		{D1F0E39F-178C-5BBB-3AD4-5B82305D140C}.Debug|x86.ActiveCfg = Debug|Any CPU
		{D1F0E39F-178C-5BBB-3AD4-5B82305D140C}.Debug|x86.Build.0 = Debug|Any CPU
		{D1F0E39F-178C-5BBB-3AD4-5B82305D140C}.Release|Any CPU.ActiveCfg = Release|Any CPU
		{D1F0E39F-178C-5BBB-3AD4-5B82305D140C}.Release|Any CPU.Build.0 = Release|Any CPU
		{D1F0E39F-178C-5BBB-3AD4-5B82305D140C}.Release|x64.ActiveCfg = Release|Any CPU
		{D1F0E39F-178C-5BBB-3AD4-5B82305D140C}.Release|x64.Build.0 = Release|Any CPU
		{D1F0E39F-178C-5BBB-3AD4-5B82305D140C}.Release|x86.ActiveCfg = Release|Any CPU
		{D1F0E39F-178C-5BBB-3AD4-5B82305D140C}.Release|x86.Build.0 = Release|Any CPU
		{D1F0E39F-178C-5BBB-3AD4-5B82305D140C}.WineRelease|Any CPU.ActiveCfg = Release|Any CPU
		{D1F0E39F-178C-5BBB-3AD4-5B82305D140C}.WineRelease|Any CPU.Build.0 = Release|Any CPU
		{D1F0E39F-178C-5BBB-3AD4-5B82305D140C}.WineRelease|x64.ActiveCfg = WineRelease|Any CPU
		{D1F0E39F-178C-5BBB-3AD4-5B82305D140C}.WineRelease|x64.Build.0 = WineRelease|Any CPU
		{D1F0E39F-178C-5BBB-3AD4-5B82305D140C}.WineRelease|x86.ActiveCfg = WineRelease|Any CPU
		{D1F0E39F-178C-5BBB-3AD4-5B82305D140C}.WineRelease|x86.Build.0 = WineRelease|Any CPU
		{A26CDF9D-7642-A35B-0290-119AB297A259}.Debug|Any CPU.ActiveCfg = Debug|Any CPU
		{A26CDF9D-7642-A35B-0290-119AB297A259}.Debug|Any CPU.Build.0 = Debug|Any CPU
		{A26CDF9D-7642-A35B-0290-119AB297A259}.Debug|x64.ActiveCfg = Debug|Any CPU
		{A26CDF9D-7642-A35B-0290-119AB297A259}.Debug|x64.Build.0 = Debug|Any CPU
		{A26CDF9D-7642-A35B-0290-119AB297A259}.Debug|x86.ActiveCfg = Debug|Any CPU
		{A26CDF9D-7642-A35B-0290-119AB297A259}.Debug|x86.Build.0 = Debug|Any CPU
		{A26CDF9D-7642-A35B-0290-119AB297A259}.Release|Any CPU.ActiveCfg = Release|Any CPU
		{A26CDF9D-7642-A35B-0290-119AB297A259}.Release|Any CPU.Build.0 = Release|Any CPU
		{A26CDF9D-7642-A35B-0290-119AB297A259}.Release|x64.ActiveCfg = Release|Any CPU
		{A26CDF9D-7642-A35B-0290-119AB297A259}.Release|x64.Build.0 = Release|Any CPU
		{A26CDF9D-7642-A35B-0290-119AB297A259}.Release|x86.ActiveCfg = Release|Any CPU
		{A26CDF9D-7642-A35B-0290-119AB297A259}.Release|x86.Build.0 = Release|Any CPU
		{A26CDF9D-7642-A35B-0290-119AB297A259}.WineRelease|Any CPU.ActiveCfg = Release|Any CPU
		{A26CDF9D-7642-A35B-0290-119AB297A259}.WineRelease|Any CPU.Build.0 = Release|Any CPU
		{A26CDF9D-7642-A35B-0290-119AB297A259}.WineRelease|x64.ActiveCfg = WineRelease|Any CPU
		{A26CDF9D-7642-A35B-0290-119AB297A259}.WineRelease|x64.Build.0 = WineRelease|Any CPU
		{A26CDF9D-7642-A35B-0290-119AB297A259}.WineRelease|x86.ActiveCfg = WineRelease|Any CPU
		{A26CDF9D-7642-A35B-0290-119AB297A259}.WineRelease|x86.Build.0 = WineRelease|Any CPU
		{34CD6FC6-1BE5-40D0-9286-AA06317D0BFD}.Debug|Any CPU.ActiveCfg = Debug|Any CPU
		{34CD6FC6-1BE5-40D0-9286-AA06317D0BFD}.Debug|Any CPU.Build.0 = Debug|Any CPU
		{34CD6FC6-1BE5-40D0-9286-AA06317D0BFD}.Debug|x64.ActiveCfg = Debug|Any CPU
		{34CD6FC6-1BE5-40D0-9286-AA06317D0BFD}.Debug|x64.Build.0 = Debug|Any CPU
		{34CD6FC6-1BE5-40D0-9286-AA06317D0BFD}.Debug|x86.ActiveCfg = Debug|Any CPU
		{34CD6FC6-1BE5-40D0-9286-AA06317D0BFD}.Debug|x86.Build.0 = Debug|Any CPU
		{34CD6FC6-1BE5-40D0-9286-AA06317D0BFD}.Release|Any CPU.ActiveCfg = Release|Any CPU
		{34CD6FC6-1BE5-40D0-9286-AA06317D0BFD}.Release|Any CPU.Build.0 = Release|Any CPU
		{34CD6FC6-1BE5-40D0-9286-AA06317D0BFD}.Release|x64.ActiveCfg = Release|Any CPU
		{34CD6FC6-1BE5-40D0-9286-AA06317D0BFD}.Release|x64.Build.0 = Release|Any CPU
		{34CD6FC6-1BE5-40D0-9286-AA06317D0BFD}.Release|x86.ActiveCfg = Release|Any CPU
		{34CD6FC6-1BE5-40D0-9286-AA06317D0BFD}.Release|x86.Build.0 = Release|Any CPU
		{34CD6FC6-1BE5-40D0-9286-AA06317D0BFD}.WineRelease|Any CPU.ActiveCfg = Debug|Any CPU
		{34CD6FC6-1BE5-40D0-9286-AA06317D0BFD}.WineRelease|Any CPU.Build.0 = Debug|Any CPU
		{34CD6FC6-1BE5-40D0-9286-AA06317D0BFD}.WineRelease|x64.ActiveCfg = Debug|Any CPU
		{34CD6FC6-1BE5-40D0-9286-AA06317D0BFD}.WineRelease|x64.Build.0 = Debug|Any CPU
		{34CD6FC6-1BE5-40D0-9286-AA06317D0BFD}.WineRelease|x86.ActiveCfg = Debug|Any CPU
		{34CD6FC6-1BE5-40D0-9286-AA06317D0BFD}.WineRelease|x86.Build.0 = Debug|Any CPU
		{299A40E1-F302-4BB0-9A95-A8E499754E40}.Debug|Any CPU.ActiveCfg = Debug|Any CPU
		{299A40E1-F302-4BB0-9A95-A8E499754E40}.Debug|Any CPU.Build.0 = Debug|Any CPU
		{299A40E1-F302-4BB0-9A95-A8E499754E40}.Debug|x64.ActiveCfg = Debug|Any CPU
		{299A40E1-F302-4BB0-9A95-A8E499754E40}.Debug|x64.Build.0 = Debug|Any CPU
		{299A40E1-F302-4BB0-9A95-A8E499754E40}.Debug|x86.ActiveCfg = Debug|Any CPU
		{299A40E1-F302-4BB0-9A95-A8E499754E40}.Debug|x86.Build.0 = Debug|Any CPU
		{299A40E1-F302-4BB0-9A95-A8E499754E40}.Release|Any CPU.ActiveCfg = Release|Any CPU
		{299A40E1-F302-4BB0-9A95-A8E499754E40}.Release|Any CPU.Build.0 = Release|Any CPU
		{299A40E1-F302-4BB0-9A95-A8E499754E40}.Release|x64.ActiveCfg = Release|Any CPU
		{299A40E1-F302-4BB0-9A95-A8E499754E40}.Release|x64.Build.0 = Release|Any CPU
		{299A40E1-F302-4BB0-9A95-A8E499754E40}.Release|x86.ActiveCfg = Release|Any CPU
		{299A40E1-F302-4BB0-9A95-A8E499754E40}.Release|x86.Build.0 = Release|Any CPU
		{299A40E1-F302-4BB0-9A95-A8E499754E40}.WineRelease|Any CPU.ActiveCfg = Debug|Any CPU
		{299A40E1-F302-4BB0-9A95-A8E499754E40}.WineRelease|Any CPU.Build.0 = Debug|Any CPU
		{299A40E1-F302-4BB0-9A95-A8E499754E40}.WineRelease|x64.ActiveCfg = Debug|Any CPU
		{299A40E1-F302-4BB0-9A95-A8E499754E40}.WineRelease|x64.Build.0 = Debug|Any CPU
		{299A40E1-F302-4BB0-9A95-A8E499754E40}.WineRelease|x86.ActiveCfg = Debug|Any CPU
		{299A40E1-F302-4BB0-9A95-A8E499754E40}.WineRelease|x86.Build.0 = Debug|Any CPU
	EndGlobalSection
	GlobalSection(SolutionProperties) = preSolution
		HideSolutionNode = FALSE
	EndGlobalSection
	GlobalSection(ExtensibilityGlobals) = postSolution
		SolutionGuid = {11FB14FA-FA7F-4DCA-8E7C-6F47CE9FE9B2}
	EndGlobalSection
EndGlobal
